// !$*UTF8*$!
{
	archiveVersion = 1;
	classes = {
	};
	objectVersion = 55;
	objects = {

/* Begin PBXBuildFile section */
		87EEB7F8287361BF00FB43D4 /* AppDelegate.swift in Sources */ = {isa = PBXBuildFile; fileRef = 87EEB7F7287361BF00FB43D4 /* AppDelegate.swift */; };
		87EEB7FA287361BF00FB43D4 /* SceneDelegate.swift in Sources */ = {isa = PBXBuildFile; fileRef = 87EEB7F9287361BF00FB43D4 /* SceneDelegate.swift */; };
		87EEB7FC287361BF00FB43D4 /* ViewController.swift in Sources */ = {isa = PBXBuildFile; fileRef = 87EEB7FB287361BF00FB43D4 /* ViewController.swift */; };
		87EEB7FF287361BF00FB43D4 /* Main.storyboard in Resources */ = {isa = PBXBuildFile; fileRef = 87EEB7FD287361BF00FB43D4 /* Main.storyboard */; };
		87EEB801287361C000FB43D4 /* Assets.xcassets in Resources */ = {isa = PBXBuildFile; fileRef = 87EEB800287361C000FB43D4 /* Assets.xcassets */; };
		87EEB804287361C000FB43D4 /* LaunchScreen.storyboard in Resources */ = {isa = PBXBuildFile; fileRef = 87EEB802287361C000FB43D4 /* LaunchScreen.storyboard */; };
		F0E4E0403D47A3CBABB13F28 /* Pods_Clone_MangoPlate.framework in Frameworks */ = {isa = PBXBuildFile; fileRef = AC166DD3A7146B994126FDAA /* Pods_Clone_MangoPlate.framework */; };
/* End PBXBuildFile section */

/* Begin PBXFileReference section */
		5BD66C09A27E18773802B604 /* Pods-Clone_MangoPlate.release.xcconfig */ = {isa = PBXFileReference; includeInIndex = 1; lastKnownFileType = text.xcconfig; name = "Pods-Clone_MangoPlate.release.xcconfig"; path = "Target Support Files/Pods-Clone_MangoPlate/Pods-Clone_MangoPlate.release.xcconfig"; sourceTree = "<group>"; };
		5C52F57E21C09B23CD2F0494 /* Pods-Clone_MangoPlate.debug.xcconfig */ = {isa = PBXFileReference; includeInIndex = 1; lastKnownFileType = text.xcconfig; name = "Pods-Clone_MangoPlate.debug.xcconfig"; path = "Target Support Files/Pods-Clone_MangoPlate/Pods-Clone_MangoPlate.debug.xcconfig"; sourceTree = "<group>"; };
		87EEB7F4287361BF00FB43D4 /* Clone_MangoPlate.app */ = {isa = PBXFileReference; explicitFileType = wrapper.application; includeInIndex = 0; path = Clone_MangoPlate.app; sourceTree = BUILT_PRODUCTS_DIR; };
		87EEB7F7287361BF00FB43D4 /* AppDelegate.swift */ = {isa = PBXFileReference; lastKnownFileType = sourcecode.swift; path = AppDelegate.swift; sourceTree = "<group>"; };
		87EEB7F9287361BF00FB43D4 /* SceneDelegate.swift */ = {isa = PBXFileReference; lastKnownFileType = sourcecode.swift; path = SceneDelegate.swift; sourceTree = "<group>"; };
		87EEB7FB287361BF00FB43D4 /* ViewController.swift */ = {isa = PBXFileReference; lastKnownFileType = sourcecode.swift; path = ViewController.swift; sourceTree = "<group>"; };
		87EEB7FE287361BF00FB43D4 /* Base */ = {isa = PBXFileReference; lastKnownFileType = file.storyboard; name = Base; path = Base.lproj/Main.storyboard; sourceTree = "<group>"; };
		87EEB800287361C000FB43D4 /* Assets.xcassets */ = {isa = PBXFileReference; lastKnownFileType = folder.assetcatalog; path = Assets.xcassets; sourceTree = "<group>"; };
		87EEB803287361C000FB43D4 /* Base */ = {isa = PBXFileReference; lastKnownFileType = file.storyboard; name = Base; path = Base.lproj/LaunchScreen.storyboard; sourceTree = "<group>"; };
		87EEB805287361C000FB43D4 /* Info.plist */ = {isa = PBXFileReference; lastKnownFileType = text.plist.xml; path = Info.plist; sourceTree = "<group>"; };
		AC166DD3A7146B994126FDAA /* Pods_Clone_MangoPlate.framework */ = {isa = PBXFileReference; explicitFileType = wrapper.framework; includeInIndex = 0; path = Pods_Clone_MangoPlate.framework; sourceTree = BUILT_PRODUCTS_DIR; };
/* End PBXFileReference section */

/* Begin PBXFrameworksBuildPhase section */
		87EEB7F1287361BF00FB43D4 /* Frameworks */ = {
			isa = PBXFrameworksBuildPhase;
			buildActionMask = 2147483647;
			files = (
				F0E4E0403D47A3CBABB13F28 /* Pods_Clone_MangoPlate.framework in Frameworks */,
			);
			runOnlyForDeploymentPostprocessing = 0;
		};
/* End PBXFrameworksBuildPhase section */

/* Begin PBXGroup section */
		1B341F904DCDEEB67B2448FB /* Frameworks */ = {
			isa = PBXGroup;
			children = (
				AC166DD3A7146B994126FDAA /* Pods_Clone_MangoPlate.framework */,
			);
			name = Frameworks;
			sourceTree = "<group>";
		};
		5C91BE3FD5FAF55647234D73 /* Pods */ = {
			isa = PBXGroup;
			children = (
				5C52F57E21C09B23CD2F0494 /* Pods-Clone_MangoPlate.debug.xcconfig */,
				5BD66C09A27E18773802B604 /* Pods-Clone_MangoPlate.release.xcconfig */,
			);
			path = Pods;
			sourceTree = "<group>";
		};
		8723E03A287378200064D472 /* Controller */ = {
			isa = PBXGroup;
			children = (
			);
			path = Controller;
			sourceTree = "<group>";
		};
		8723E03B287378260064D472 /* View */ = {
			isa = PBXGroup;
			children = (
			);
			path = View;
			sourceTree = "<group>";
		};
		8723E03C2873782A0064D472 /* Model */ = {
			isa = PBXGroup;
			children = (
			);
			path = Model;
			sourceTree = "<group>";
		};
		87EEB7EB287361BF00FB43D4 = {
			isa = PBXGroup;
			children = (
				87EEB7F6287361BF00FB43D4 /* Clone_MangoPlate */,
				87EEB7F5287361BF00FB43D4 /* Products */,
				5C91BE3FD5FAF55647234D73 /* Pods */,
				1B341F904DCDEEB67B2448FB /* Frameworks */,
			);
			sourceTree = "<group>";
		};
		87EEB7F5287361BF00FB43D4 /* Products */ = {
			isa = PBXGroup;
			children = (
				87EEB7F4287361BF00FB43D4 /* Clone_MangoPlate.app */,
			);
			name = Products;
			sourceTree = "<group>";
		};
		87EEB7F6287361BF00FB43D4 /* Clone_MangoPlate */ = {
			isa = PBXGroup;
			children = (
				87EEB80B287361E500FB43D4 /* Global */,
				87EEB80E287361FB00FB43D4 /* Network */,
				87EEB80D287361F500FB43D4 /* Resource */,
				87EEB80C287361EC00FB43D4 /* Source */,
			);
			path = Clone_MangoPlate;
			sourceTree = "<group>";
		};
		87EEB80B287361E500FB43D4 /* Global */ = {
			isa = PBXGroup;
			children = (
				87EEB8102873622C00FB43D4 /* Extension */,
				87EEB80F2873622700FB43D4 /* Constant */,
			);
			path = Global;
			sourceTree = "<group>";
		};
		87EEB80C287361EC00FB43D4 /* Source */ = {
			isa = PBXGroup;
			children = (
				87EEB8142873626600FB43D4 /* Screen */,
			);
			path = Source;
			sourceTree = "<group>";
		};
		87EEB80D287361F500FB43D4 /* Resource */ = {
			isa = PBXGroup;
			children = (
				87EEB8112873624700FB43D4 /* Asset */,
				87EEB8122873624D00FB43D4 /* Storyboard */,
				87EEB8132873625600FB43D4 /* App */,
			);
			path = Resource;
			sourceTree = "<group>";
		};
		87EEB80E287361FB00FB43D4 /* Network */ = {
			isa = PBXGroup;
			children = (
			);
			path = Network;
			sourceTree = "<group>";
		};
		87EEB80F2873622700FB43D4 /* Constant */ = {
			isa = PBXGroup;
			children = (
			);
			path = Constant;
			sourceTree = "<group>";
		};
		87EEB8102873622C00FB43D4 /* Extension */ = {
			isa = PBXGroup;
			children = (
			);
			path = Extension;
			sourceTree = "<group>";
		};
		87EEB8112873624700FB43D4 /* Asset */ = {
			isa = PBXGroup;
			children = (
				87EEB800287361C000FB43D4 /* Assets.xcassets */,
			);
			path = Asset;
			sourceTree = "<group>";
		};
		87EEB8122873624D00FB43D4 /* Storyboard */ = {
			isa = PBXGroup;
			children = (
				87EEB802287361C000FB43D4 /* LaunchScreen.storyboard */,
			);
			path = Storyboard;
			sourceTree = "<group>";
		};
		87EEB8132873625600FB43D4 /* App */ = {
			isa = PBXGroup;
			children = (
				87EEB805287361C000FB43D4 /* Info.plist */,
				87EEB7F9287361BF00FB43D4 /* SceneDelegate.swift */,
				87EEB7F7287361BF00FB43D4 /* AppDelegate.swift */,
			);
			path = App;
			sourceTree = "<group>";
		};
		87EEB8142873626600FB43D4 /* Screen */ = {
			isa = PBXGroup;
			children = (
				87EEB7FD287361BF00FB43D4 /* Main.storyboard */,
				87EEB7FB287361BF00FB43D4 /* ViewController.swift */,
				87EEB8162873627200FB43D4 /* Home */,
				87EEB8152873626E00FB43D4 /* Auth */,
			);
			path = Screen;
			sourceTree = "<group>";
		};
		87EEB8152873626E00FB43D4 /* Auth */ = {
			isa = PBXGroup;
			children = (
				8723E03C2873782A0064D472 /* Model */,
				8723E03B287378260064D472 /* View */,
				8723E03A287378200064D472 /* Controller */,
			);
			path = Auth;
			sourceTree = "<group>";
		};
		87EEB8162873627200FB43D4 /* Home */ = {
			isa = PBXGroup;
			children = (
			);
			path = Home;
			sourceTree = "<group>";
		};
/* End PBXGroup section */

/* Begin PBXNativeTarget section */
		87EEB7F3287361BF00FB43D4 /* Clone_MangoPlate */ = {
			isa = PBXNativeTarget;
			buildConfigurationList = 87EEB808287361C000FB43D4 /* Build configuration list for PBXNativeTarget "Clone_MangoPlate" */;
			buildPhases = (
				794B8818C8F8DB77953E00C4 /* [CP] Check Pods Manifest.lock */,
				87EEB7F0287361BF00FB43D4 /* Sources */,
				87EEB7F1287361BF00FB43D4 /* Frameworks */,
				87EEB7F2287361BF00FB43D4 /* Resources */,
				DA98BAD44B78B017532C6FF4 /* [CP] Embed Pods Frameworks */,
			);
			buildRules = (
			);
			dependencies = (
			);
			name = Clone_MangoPlate;
			productName = Clone_MangoPlate;
			productReference = 87EEB7F4287361BF00FB43D4 /* Clone_MangoPlate.app */;
			productType = "com.apple.product-type.application";
		};
/* End PBXNativeTarget section */

/* Begin PBXProject section */
		87EEB7EC287361BF00FB43D4 /* Project object */ = {
			isa = PBXProject;
			attributes = {
				BuildIndependentTargetsInParallel = 1;
				LastSwiftUpdateCheck = 1340;
				LastUpgradeCheck = 1340;
				TargetAttributes = {
					87EEB7F3287361BF00FB43D4 = {
						CreatedOnToolsVersion = 13.4.1;
					};
				};
			};
			buildConfigurationList = 87EEB7EF287361BF00FB43D4 /* Build configuration list for PBXProject "Clone_MangoPlate" */;
			compatibilityVersion = "Xcode 13.0";
			developmentRegion = en;
			hasScannedForEncodings = 0;
			knownRegions = (
				en,
				Base,
			);
			mainGroup = 87EEB7EB287361BF00FB43D4;
			productRefGroup = 87EEB7F5287361BF00FB43D4 /* Products */;
			projectDirPath = "";
			projectRoot = "";
			targets = (
				87EEB7F3287361BF00FB43D4 /* Clone_MangoPlate */,
			);
		};
/* End PBXProject section */

/* Begin PBXResourcesBuildPhase section */
		87EEB7F2287361BF00FB43D4 /* Resources */ = {
			isa = PBXResourcesBuildPhase;
			buildActionMask = 2147483647;
			files = (
				87EEB804287361C000FB43D4 /* LaunchScreen.storyboard in Resources */,
				87EEB801287361C000FB43D4 /* Assets.xcassets in Resources */,
				87EEB7FF287361BF00FB43D4 /* Main.storyboard in Resources */,
			);
			runOnlyForDeploymentPostprocessing = 0;
		};
/* End PBXResourcesBuildPhase section */

/* Begin PBXShellScriptBuildPhase section */
		794B8818C8F8DB77953E00C4 /* [CP] Check Pods Manifest.lock */ = {
			isa = PBXShellScriptBuildPhase;
			buildActionMask = 2147483647;
			files = (
			);
			inputFileListPaths = (
			);
			inputPaths = (
				"${PODS_PODFILE_DIR_PATH}/Podfile.lock",
				"${PODS_ROOT}/Manifest.lock",
			);
			name = "[CP] Check Pods Manifest.lock";
			outputFileListPaths = (
			);
			outputPaths = (
				"$(DERIVED_FILE_DIR)/Pods-Clone_MangoPlate-checkManifestLockResult.txt",
			);
			runOnlyForDeploymentPostprocessing = 0;
			shellPath = /bin/sh;
			shellScript = "diff \"${PODS_PODFILE_DIR_PATH}/Podfile.lock\" \"${PODS_ROOT}/Manifest.lock\" > /dev/null\nif [ $? != 0 ] ; then\n    # print error to STDERR\n    echo \"error: The sandbox is not in sync with the Podfile.lock. Run 'pod install' or update your CocoaPods installation.\" >&2\n    exit 1\nfi\n# This output is used by Xcode 'outputs' to avoid re-running this script phase.\necho \"SUCCESS\" > \"${SCRIPT_OUTPUT_FILE_0}\"\n";
			showEnvVarsInLog = 0;
		};
		DA98BAD44B78B017532C6FF4 /* [CP] Embed Pods Frameworks */ = {
			isa = PBXShellScriptBuildPhase;
			buildActionMask = 2147483647;
			files = (
			);
			inputFileListPaths = (
				"${PODS_ROOT}/Target Support Files/Pods-Clone_MangoPlate/Pods-Clone_MangoPlate-frameworks-${CONFIGURATION}-input-files.xcfilelist",
			);
			name = "[CP] Embed Pods Frameworks";
			outputFileListPaths = (
				"${PODS_ROOT}/Target Support Files/Pods-Clone_MangoPlate/Pods-Clone_MangoPlate-frameworks-${CONFIGURATION}-output-files.xcfilelist",
			);
			runOnlyForDeploymentPostprocessing = 0;
			shellPath = /bin/sh;
			shellScript = "\"${PODS_ROOT}/Target Support Files/Pods-Clone_MangoPlate/Pods-Clone_MangoPlate-frameworks.sh\"\n";
			showEnvVarsInLog = 0;
		};
/* End PBXShellScriptBuildPhase section */

/* Begin PBXSourcesBuildPhase section */
		87EEB7F0287361BF00FB43D4 /* Sources */ = {
			isa = PBXSourcesBuildPhase;
			buildActionMask = 2147483647;
			files = (
				87EEB7FC287361BF00FB43D4 /* ViewController.swift in Sources */,
				87EEB7F8287361BF00FB43D4 /* AppDelegate.swift in Sources */,
				87EEB7FA287361BF00FB43D4 /* SceneDelegate.swift in Sources */,
			);
			runOnlyForDeploymentPostprocessing = 0;
		};
/* End PBXSourcesBuildPhase section */

/* Begin PBXVariantGroup section */
		87EEB7FD287361BF00FB43D4 /* Main.storyboard */ = {
			isa = PBXVariantGroup;
			children = (
				87EEB7FE287361BF00FB43D4 /* Base */,
			);
			name = Main.storyboard;
			sourceTree = "<group>";
		};
		87EEB802287361C000FB43D4 /* LaunchScreen.storyboard */ = {
			isa = PBXVariantGroup;
			children = (
				87EEB803287361C000FB43D4 /* Base */,
			);
			name = LaunchScreen.storyboard;
			sourceTree = "<group>";
		};
/* End PBXVariantGroup section */

/* Begin XCBuildConfiguration section */
		87EEB806287361C000FB43D4 /* Debug */ = {
			isa = XCBuildConfiguration;
			buildSettings = {
				ALWAYS_SEARCH_USER_PATHS = NO;
				CLANG_ANALYZER_NONNULL = YES;
				CLANG_ANALYZER_NUMBER_OBJECT_CONVERSION = YES_AGGRESSIVE;
				CLANG_CXX_LANGUAGE_STANDARD = "gnu++17";
				CLANG_ENABLE_MODULES = YES;
				CLANG_ENABLE_OBJC_ARC = YES;
				CLANG_ENABLE_OBJC_WEAK = YES;
				CLANG_WARN_BLOCK_CAPTURE_AUTORELEASING = YES;
				CLANG_WARN_BOOL_CONVERSION = YES;
				CLANG_WARN_COMMA = YES;
				CLANG_WARN_CONSTANT_CONVERSION = YES;
				CLANG_WARN_DEPRECATED_OBJC_IMPLEMENTATIONS = YES;
				CLANG_WARN_DIRECT_OBJC_ISA_USAGE = YES_ERROR;
				CLANG_WARN_DOCUMENTATION_COMMENTS = YES;
				CLANG_WARN_EMPTY_BODY = YES;
				CLANG_WARN_ENUM_CONVERSION = YES;
				CLANG_WARN_INFINITE_RECURSION = YES;
				CLANG_WARN_INT_CONVERSION = YES;
				CLANG_WARN_NON_LITERAL_NULL_CONVERSION = YES;
				CLANG_WARN_OBJC_IMPLICIT_RETAIN_SELF = YES;
				CLANG_WARN_OBJC_LITERAL_CONVERSION = YES;
				CLANG_WARN_OBJC_ROOT_CLASS = YES_ERROR;
				CLANG_WARN_QUOTED_INCLUDE_IN_FRAMEWORK_HEADER = YES;
				CLANG_WARN_RANGE_LOOP_ANALYSIS = YES;
				CLANG_WARN_STRICT_PROTOTYPES = YES;
				CLANG_WARN_SUSPICIOUS_MOVE = YES;
				CLANG_WARN_UNGUARDED_AVAILABILITY = YES_AGGRESSIVE;
				CLANG_WARN_UNREACHABLE_CODE = YES;
				CLANG_WARN__DUPLICATE_METHOD_MATCH = YES;
				COPY_PHASE_STRIP = NO;
				DEBUG_INFORMATION_FORMAT = dwarf;
				ENABLE_STRICT_OBJC_MSGSEND = YES;
				ENABLE_TESTABILITY = YES;
				GCC_C_LANGUAGE_STANDARD = gnu11;
				GCC_DYNAMIC_NO_PIC = NO;
				GCC_NO_COMMON_BLOCKS = YES;
				GCC_OPTIMIZATION_LEVEL = 0;
				GCC_PREPROCESSOR_DEFINITIONS = (
					"DEBUG=1",
					"$(inherited)",
				);
				GCC_WARN_64_TO_32_BIT_CONVERSION = YES;
				GCC_WARN_ABOUT_RETURN_TYPE = YES_ERROR;
				GCC_WARN_UNDECLARED_SELECTOR = YES;
				GCC_WARN_UNINITIALIZED_AUTOS = YES_AGGRESSIVE;
				GCC_WARN_UNUSED_FUNCTION = YES;
				GCC_WARN_UNUSED_VARIABLE = YES;
				IPHONEOS_DEPLOYMENT_TARGET = 15.5;
				MTL_ENABLE_DEBUG_INFO = INCLUDE_SOURCE;
				MTL_FAST_MATH = YES;
				ONLY_ACTIVE_ARCH = YES;
				SDKROOT = iphoneos;
				SWIFT_ACTIVE_COMPILATION_CONDITIONS = DEBUG;
				SWIFT_OPTIMIZATION_LEVEL = "-Onone";
			};
			name = Debug;
		};
		87EEB807287361C000FB43D4 /* Release */ = {
			isa = XCBuildConfiguration;
			buildSettings = {
				ALWAYS_SEARCH_USER_PATHS = NO;
				CLANG_ANALYZER_NONNULL = YES;
				CLANG_ANALYZER_NUMBER_OBJECT_CONVERSION = YES_AGGRESSIVE;
				CLANG_CXX_LANGUAGE_STANDARD = "gnu++17";
				CLANG_ENABLE_MODULES = YES;
				CLANG_ENABLE_OBJC_ARC = YES;
				CLANG_ENABLE_OBJC_WEAK = YES;
				CLANG_WARN_BLOCK_CAPTURE_AUTORELEASING = YES;
				CLANG_WARN_BOOL_CONVERSION = YES;
				CLANG_WARN_COMMA = YES;
				CLANG_WARN_CONSTANT_CONVERSION = YES;
				CLANG_WARN_DEPRECATED_OBJC_IMPLEMENTATIONS = YES;
				CLANG_WARN_DIRECT_OBJC_ISA_USAGE = YES_ERROR;
				CLANG_WARN_DOCUMENTATION_COMMENTS = YES;
				CLANG_WARN_EMPTY_BODY = YES;
				CLANG_WARN_ENUM_CONVERSION = YES;
				CLANG_WARN_INFINITE_RECURSION = YES;
				CLANG_WARN_INT_CONVERSION = YES;
				CLANG_WARN_NON_LITERAL_NULL_CONVERSION = YES;
				CLANG_WARN_OBJC_IMPLICIT_RETAIN_SELF = YES;
				CLANG_WARN_OBJC_LITERAL_CONVERSION = YES;
				CLANG_WARN_OBJC_ROOT_CLASS = YES_ERROR;
				CLANG_WARN_QUOTED_INCLUDE_IN_FRAMEWORK_HEADER = YES;
				CLANG_WARN_RANGE_LOOP_ANALYSIS = YES;
				CLANG_WARN_STRICT_PROTOTYPES = YES;
				CLANG_WARN_SUSPICIOUS_MOVE = YES;
				CLANG_WARN_UNGUARDED_AVAILABILITY = YES_AGGRESSIVE;
				CLANG_WARN_UNREACHABLE_CODE = YES;
				CLANG_WARN__DUPLICATE_METHOD_MATCH = YES;
				COPY_PHASE_STRIP = NO;
				DEBUG_INFORMATION_FORMAT = "dwarf-with-dsym";
				ENABLE_NS_ASSERTIONS = NO;
				ENABLE_STRICT_OBJC_MSGSEND = YES;
				GCC_C_LANGUAGE_STANDARD = gnu11;
				GCC_NO_COMMON_BLOCKS = YES;
				GCC_WARN_64_TO_32_BIT_CONVERSION = YES;
				GCC_WARN_ABOUT_RETURN_TYPE = YES_ERROR;
				GCC_WARN_UNDECLARED_SELECTOR = YES;
				GCC_WARN_UNINITIALIZED_AUTOS = YES_AGGRESSIVE;
				GCC_WARN_UNUSED_FUNCTION = YES;
				GCC_WARN_UNUSED_VARIABLE = YES;
				IPHONEOS_DEPLOYMENT_TARGET = 15.5;
				MTL_ENABLE_DEBUG_INFO = NO;
				MTL_FAST_MATH = YES;
				SDKROOT = iphoneos;
				SWIFT_COMPILATION_MODE = wholemodule;
				SWIFT_OPTIMIZATION_LEVEL = "-O";
				VALIDATE_PRODUCT = YES;
			};
			name = Release;
		};
		87EEB809287361C000FB43D4 /* Debug */ = {
			isa = XCBuildConfiguration;
			baseConfigurationReference = 5C52F57E21C09B23CD2F0494 /* Pods-Clone_MangoPlate.debug.xcconfig */;
			buildSettings = {
				ASSETCATALOG_COMPILER_APPICON_NAME = AppIcon;
				ASSETCATALOG_COMPILER_GLOBAL_ACCENT_COLOR_NAME = AccentColor;
				CODE_SIGN_STYLE = Automatic;
				CURRENT_PROJECT_VERSION = 1;
				DEVELOPMENT_TEAM = T6DNHAHXG9;
				GENERATE_INFOPLIST_FILE = YES;
				INFOPLIST_FILE = Clone_MangoPlate/Resource/App/Info.plist;
				INFOPLIST_KEY_UIApplicationSupportsIndirectInputEvents = YES;
				INFOPLIST_KEY_UILaunchStoryboardName = LaunchScreen;
				INFOPLIST_KEY_UIMainStoryboardFile = Main;
				INFOPLIST_KEY_UISupportedInterfaceOrientations_iPad = "UIInterfaceOrientationPortrait UIInterfaceOrientationPortraitUpsideDown UIInterfaceOrientationLandscapeLeft UIInterfaceOrientationLandscapeRight";
				INFOPLIST_KEY_UISupportedInterfaceOrientations_iPhone = "UIInterfaceOrientationPortrait UIInterfaceOrientationLandscapeLeft UIInterfaceOrientationLandscapeRight";
				LD_RUNPATH_SEARCH_PATHS = (
					"$(inherited)",
					"@executable_path/Frameworks",
				);
				MARKETING_VERSION = 1.0;
				PRODUCT_BUNDLE_IDENTIFIER = "com.metlsplit.Clone-MangoPlate";
				PRODUCT_NAME = "$(TARGET_NAME)";
				SWIFT_EMIT_LOC_STRINGS = YES;
				SWIFT_VERSION = 5.0;
				TARGETED_DEVICE_FAMILY = 1;
			};
			name = Debug;
		};
		87EEB80A287361C000FB43D4 /* Release */ = {
			isa = XCBuildConfiguration;
			baseConfigurationReference = 5BD66C09A27E18773802B604 /* Pods-Clone_MangoPlate.release.xcconfig */;
			buildSettings = {
				ASSETCATALOG_COMPILER_APPICON_NAME = AppIcon;
				ASSETCATALOG_COMPILER_GLOBAL_ACCENT_COLOR_NAME = AccentColor;
				CODE_SIGN_STYLE = Automatic;
				CURRENT_PROJECT_VERSION = 1;
				DEVELOPMENT_TEAM = T6DNHAHXG9;
				GENERATE_INFOPLIST_FILE = YES;
				INFOPLIST_FILE = Clone_MangoPlate/Resource/App/Info.plist;
				INFOPLIST_KEY_UIApplicationSupportsIndirectInputEvents = YES;
				INFOPLIST_KEY_UILaunchStoryboardName = LaunchScreen;
				INFOPLIST_KEY_UIMainStoryboardFile = Main;
				INFOPLIST_KEY_UISupportedInterfaceOrientations_iPad = "UIInterfaceOrientationPortrait UIInterfaceOrientationPortraitUpsideDown UIInterfaceOrientationLandscapeLeft UIInterfaceOrientationLandscapeRight";
				INFOPLIST_KEY_UISupportedInterfaceOrientations_iPhone = "UIInterfaceOrientationPortrait UIInterfaceOrientationLandscapeLeft UIInterfaceOrientationLandscapeRight";
				LD_RUNPATH_SEARCH_PATHS = (
					"$(inherited)",
					"@executable_path/Frameworks",
				);
				MARKETING_VERSION = 1.0;
				PRODUCT_BUNDLE_IDENTIFIER = "com.metlsplit.Clone-MangoPlate";
				PRODUCT_NAME = "$(TARGET_NAME)";
				SWIFT_EMIT_LOC_STRINGS = YES;
				SWIFT_VERSION = 5.0;
				TARGETED_DEVICE_FAMILY = 1;
			};
			name = Release;
		};
/* End XCBuildConfiguration section */

/* Begin XCConfigurationList section */
		87EEB7EF287361BF00FB43D4 /* Build configuration list for PBXProject "Clone_MangoPlate" */ = {
			isa = XCConfigurationList;
			buildConfigurations = (
				87EEB806287361C000FB43D4 /* Debug */,
				87EEB807287361C000FB43D4 /* Release */,
			);
			defaultConfigurationIsVisible = 0;
			defaultConfigurationName = Release;
		};
		87EEB808287361C000FB43D4 /* Build configuration list for PBXNativeTarget "Clone_MangoPlate" */ = {
			isa = XCConfigurationList;
			buildConfigurations = (
				87EEB809287361C000FB43D4 /* Debug */,
				87EEB80A287361C000FB43D4 /* Release */,
			);
			defaultConfigurationIsVisible = 0;
			defaultConfigurationName = Release;
		};
/* End XCConfigurationList section */
	};
	rootObject = 87EEB7EC287361BF00FB43D4 /* Project object */;
}
